
Microsoft Visual Studio Solution File, Format Version 12.00
# Visual Studio Version 18
VisualStudioVersion = 18.6.11822.322
MinimumVisualStudioVersion = 10.0.40219.1
Project("{FAE04EC0-301F-11D3-BF4B-00C04F79EFBC}") = "KooliProjekt.Application", "KooliProjekt.Application\KooliProjekt.Application.csproj", "{AE74289E-DE79-F788-C2DC-BADD9C633513}"
EndProject
Project("{FAE04EC0-301F-11D3-BF4B-00C04F79EFBC}") = "KooliProjekt.WebAPI", "KooliProjekt.WebAPI\KooliProjekt.WebAPI.csproj", "{5A2101DC-D650-6EBB-6EBB-3FE62A3E9647}"
EndProject
Project("{FAE04EC0-301F-11D3-BF4B-00C04F79EFBC}") = "KooliProjekt.UnitTests", "KooliProjekt.Application.UnitTests\KooliProjekt.UnitTests.csproj", "{8F78C8BA-34CF-4C13-3FF5-E7CD2C67F95A}"
EndProject
Project("{FAE04EC0-301F-11D3-BF4B-00C04F79EFBC}") = "KooliProjekt.IntegrationTests", "KooliProjekt.IntegrationTests\KooliProjekt.IntegrationTests.csproj", "{3A7D9D29-425C-86E8-EECE-B666CE7CD094}"
EndProject
Project("{FAE04EC0-301F-11D3-BF4B-00C04F79EFBC}") = "KooliProjekt.WindowsForms", "KooliProjekt.WindowsForms\KooliProjekt.WindowsForms.csproj", "{002EB6E2-EAB0-7306-E8FC-A5E9EFBF0285}"
EndProject
Global
	GlobalSection(SolutionConfigurationPlatforms) = preSolution
		Debug|Any CPU = Debug|Any CPU
		Release|Any CPU = Release|Any CPU
	EndGlobalSection
	GlobalSection(ProjectConfigurationPlatforms) = postSolution
		{AE74289E-DE79-F788-C2DC-BADD9C633513}.Debug|Any CPU.ActiveCfg = Debug|Any CPU
		{AE74289E-DE79-F788-C2DC-BADD9C633513}.Debug|Any CPU.Build.0 = Debug|Any CPU
		{AE74289E-DE79-F788-C2DC-BADD9C633513}.Release|Any CPU.ActiveCfg = Release|Any CPU
		{AE74289E-DE79-F788-C2DC-BADD9C633513}.Release|Any CPU.Build.0 = Release|Any CPU
		{5A2101DC-D650-6EBB-6EBB-3FE62A3E9647}.Debug|Any CPU.ActiveCfg = Debug|Any CPU
		{5A2101DC-D650-6EBB-6EBB-3FE62A3E9647}.Debug|Any CPU.Build.0 = Debug|Any CPU
		{5A2101DC-D650-6EBB-6EBB-3FE62A3E9647}.Release|Any CPU.ActiveCfg = Release|Any CPU
		{5A2101DC-D650-6EBB-6EBB-3FE62A3E9647}.Release|Any CPU.Build.0 = Release|Any CPU
		{8F78C8BA-34CF-4C13-3FF5-E7CD2C67F95A}.Debug|Any CPU.ActiveCfg = Debug|Any CPU
		{8F78C8BA-34CF-4C13-3FF5-E7CD2C67F95A}.Debug|Any CPU.Build.0 = Debug|Any CPU
		{8F78C8BA-34CF-4C13-3FF5-E7CD2C67F95A}.Release|Any CPU.ActiveCfg = Release|Any CPU
		{8F78C8BA-34CF-4C13-3FF5-E7CD2C67F95A}.Release|Any CPU.Build.0 = Release|Any CPU
		{3A7D9D29-425C-86E8-EECE-B666CE7CD094}.Debug|Any CPU.ActiveCfg = Debug|Any CPU
		{3A7D9D29-425C-86E8-EECE-B666CE7CD094}.Debug|Any CPU.Build.0 = Debug|Any CPU
		{3A7D9D29-425C-86E8-EECE-B666CE7CD094}.Release|Any CPU.ActiveCfg = Release|Any CPU
		{3A7D9D29-425C-86E8-EECE-B666CE7CD094}.Release|Any CPU.Build.0 = Release|Any CPU
		{002EB6E2-EAB0-7306-E8FC-A5E9EFBF0285}.Debug|Any CPU.ActiveCfg = Debug|Any CPU
		{002EB6E2-EAB0-7306-E8FC-A5E9EFBF0285}.Debug|Any CPU.Build.0 = Debug|Any CPU
		{002EB6E2-EAB0-7306-E8FC-A5E9EFBF0285}.Release|Any CPU.ActiveCfg = Release|Any CPU
		{002EB6E2-EAB0-7306-E8FC-A5E9EFBF0285}.Release|Any CPU.Build.0 = Release|Any CPU
	EndGlobalSection
	GlobalSection(SolutionProperties) = preSolution
		HideSolutionNode = FALSE
	EndGlobalSection
	GlobalSection(ExtensibilityGlobals) = postSolution
		SolutionGuid = {B7234530-7E65-4909-AF3B-3DA3B601BB22}
	EndGlobalSection
EndGlobal
